github.com/domainry/domainry-audit-sdk v0.1.5 h1:aZohNPwsLT6XEfK+GrT8tQMXqF3Ih8P5LevS1wFAHGU=
github.com/domainry/domainry-audit-sdk v0.1.5/go.mod h1:oaWTwUzySgDzsIyntpBxlUyxwwIzo6MRAtCt/FkNfxc=
github.com/domainry/domainry-foundation v0.1.19 h1:CRBtch3Zdm86gaasBPF2+5kuQd/PrYnbHSrq+uBqBgY=
github.com/domainry/domainry-foundation v0.1.19/go.mod h1:pkwel8FFfbVkjAptEDWsA7BxaoPJM8kiQkOwPaIR7eI=
github.com/domainry/domainry-orm v0.1.30 h1:5QOtG2qRzV1PhiioS2aKfCoEt9ab3OBucwicHAn/5HQ=
github.com/domainry/domainry-orm v0.1.30/go.mod h1:gB/ooN737tsBYHbeHqCpngEprvdvZKp0Zygtzv+IPJY=
