github.com/domainry/domainry-audit-sdk v0.1.5 h1:aZohNPwsLT6XEfK+GrT8tQMXqF3Ih8P5LevS1wFAHGU=
github.com/domainry/domainry-audit-sdk v0.1.5/go.mod h1:oaWTwUzySgDzsIyntpBxlUyxwwIzo6MRAtCt/FkNfxc=
github.com/domainry/domainry-foundation v0.1.2 h1:rKVw7sHiOF2rnaK+pWrtxR9RXCJSQxJa98SgDlqK/HE=
github.com/domainry/domainry-foundation v0.1.2/go.mod h1:Gy+KTlqbubYK5bK005y0DBwm04LP8Kpx+n7/P6QGjjY=
github.com/domainry/domainry-orm v0.1.30 h1:5QOtG2qRzV1PhiioS2aKfCoEt9ab3OBucwicHAn/5HQ=
github.com/domainry/domainry-orm v0.1.30/go.mod h1:gB/ooN737tsBYHbeHqCpngEprvdvZKp0Zygtzv+IPJY=
